
Microsoft Visual Studio Solution File, Format Version 12.00
# Visual Studio Version 16
VisualStudioVersion = 16.0.31702.278
MinimumVisualStudioVersion = 10.0.40219.1
Project("{FAE04EC0-301F-11D3-BF4B-00C04F79EFBC}") = "EigenLoginPagina", "EigenLoginPagina\EigenLoginPagina.csproj", "{829AEF74-DD6D-4DA6-9DCF-47CD4B8EAE83}"
EndProject
Global
	GlobalSection(SolutionConfigurationPlatforms) = preSolution
		Debug|Any CPU = Debug|Any CPU
		Release|Any CPU = Release|Any CPU
	EndGlobalSection
	GlobalSection(ProjectConfigurationPlatforms) = postSolution
		{829AEF74-DD6D-4DA6-9DCF-47CD4B8EAE83}.Debug|Any CPU.ActiveCfg = Debug|Any CPU
		{829AEF74-DD6D-4DA6-9DCF-47CD4B8EAE83}.Debug|Any CPU.Build.0 = Debug|Any CPU
		{829AEF74-DD6D-4DA6-9DCF-47CD4B8EAE83}.Release|Any CPU.ActiveCfg = Release|Any CPU
		{829AEF74-DD6D-4DA6-9DCF-47CD4B8EAE83}.Release|Any CPU.Build.0 = Release|Any CPU
	EndGlobalSection
	GlobalSection(SolutionProperties) = preSolution
		HideSolutionNode = FALSE
	EndGlobalSection
	GlobalSection(ExtensibilityGlobals) = postSolution
		SolutionGuid = {AFE0E62C-1AC1-438A-8EB1-FFF5B12926BE}
	EndGlobalSection
EndGlobal
